
Microsoft Visual Studio Solution File, Format Version 12.00
# Visual Studio Version 17
VisualStudioVersion = 17.4.33213.308
MinimumVisualStudioVersion = 10.0.40219.1
Project("{FAE04EC0-301F-11D3-BF4B-00C04F79EFBC}") = "SamsWarehouseWebApp", "SamsWarehouseWebApp\SamsWarehouseWebApp.csproj", "{5C8879E3-2F28-4B1D-91B1-C9FC3FDCAECD}"
EndProject
Global
	GlobalSection(SolutionConfigurationPlatforms) = preSolution
		Debug|Any CPU = Debug|Any CPU
		Release|Any CPU = Release|Any CPU
	EndGlobalSection
	GlobalSection(ProjectConfigurationPlatforms) = postSolution
		{5C8879E3-2F28-4B1D-91B1-C9FC3FDCAECD}.Debug|Any CPU.ActiveCfg = Debug|Any CPU
		{5C8879E3-2F28-4B1D-91B1-C9FC3FDCAECD}.Debug|Any CPU.Build.0 = Debug|Any CPU
		{5C8879E3-2F28-4B1D-91B1-C9FC3FDCAECD}.Release|Any CPU.ActiveCfg = Release|Any CPU
		{5C8879E3-2F28-4B1D-91B1-C9FC3FDCAECD}.Release|Any CPU.Build.0 = Release|Any CPU
	EndGlobalSection
	GlobalSection(SolutionProperties) = preSolution
		HideSolutionNode = FALSE
	EndGlobalSection
	GlobalSection(ExtensibilityGlobals) = postSolution
		SolutionGuid = {FE180A6E-D7B7-46CB-A5E3-E5E5DD4C0192}
	EndGlobalSection
EndGlobal
